{
  "name": "savyuj",
  "version": "1.0.0",
  "lockfileVersion": 3,
  "requires": true,
  "packages": {
    "": {
      "name": "savyuj",
      "version": "1.0.0",
      "license": "ISC",
      "dependencies": {
        "savyuj": "^1.0.0"
      }
    },
    "node_modules/savyuj": {
      "version": "1.0.0",
      "resolved": "https://registry.npmjs.org/savyuj/-/savyuj-1.0.0.tgz",
      "integrity": "sha512-fAz6c86oaQh9kSH9FS/uDupzsqLfzCt5/aIvRv2Hk10pNSWsOCUKLTRpYcjR8zgWFTAWe7aPkWG6Z2VpVEqASg=="
    }
  }
}
